
Microsoft Visual Studio Solution File, Format Version 12.00
# Visual Studio Version 16
VisualStudioVersion = 16.0.31624.102
MinimumVisualStudioVersion = 10.0.40219.1
Project("{8BC9CEB8-8B4A-11D0-8D11-00A0C91BC942}") = "lab 2", "lab 2\lab 2.vcxproj", "{DDC9067E-188E-4DD0-AD5E-DF1AB737EBDD}"
EndProject
Global
	GlobalSection(SolutionConfigurationPlatforms) = preSolution
		Debug|x64 = Debug|x64
		Debug|x86 = Debug|x86
		Release|x64 = Release|x64
		Release|x86 = Release|x86
	EndGlobalSection
	GlobalSection(ProjectConfigurationPlatforms) = postSolution
		{DDC9067E-188E-4DD0-AD5E-DF1AB737EBDD}.Debug|x64.ActiveCfg = Debug|x64
		{DDC9067E-188E-4DD0-AD5E-DF1AB737EBDD}.Debug|x64.Build.0 = Debug|x64
		{DDC9067E-188E-4DD0-AD5E-DF1AB737EBDD}.Debug|x86.ActiveCfg = Debug|Win32
		{DDC9067E-188E-4DD0-AD5E-DF1AB737EBDD}.Debug|x86.Build.0 = Debug|Win32
		{DDC9067E-188E-4DD0-AD5E-DF1AB737EBDD}.Release|x64.ActiveCfg = Release|x64
		{DDC9067E-188E-4DD0-AD5E-DF1AB737EBDD}.Release|x64.Build.0 = Release|x64
		{DDC9067E-188E-4DD0-AD5E-DF1AB737EBDD}.Release|x86.ActiveCfg = Release|Win32
		{DDC9067E-188E-4DD0-AD5E-DF1AB737EBDD}.Release|x86.Build.0 = Release|Win32
	EndGlobalSection
	GlobalSection(SolutionProperties) = preSolution
		HideSolutionNode = FALSE
	EndGlobalSection
	GlobalSection(ExtensibilityGlobals) = postSolution
		SolutionGuid = {784AEE52-C021-4E72-9A8A-A6DC963C3415}
	EndGlobalSection
EndGlobal
